// !$*UTF8*$!
{
	archiveVersion = 1;
	classes = {
	};
	objectVersion = 46;
	objects = {

/* Begin PBXBuildFile section */
		A55BBE2D14E7C8B500AA43CA /* logo.png in Resources */ = {isa = PBXBuildFile; fileRef = A55BBE2C14E7C8B500AA43CA /* logo.png */; };
		A59FB31C14E7C01A00F0119F /* UIKit.framework in Frameworks */ = {isa = PBXBuildFile; fileRef = A59FB31B14E7C01A00F0119F /* UIKit.framework */; };
		A59FB31E14E7C01A00F0119F /* Foundation.framework in Frameworks */ = {isa = PBXBuildFile; fileRef = A59FB31D14E7C01A00F0119F /* Foundation.framework */; };
		A59FB32014E7C01A00F0119F /* CoreGraphics.framework in Frameworks */ = {isa = PBXBuildFile; fileRef = A59FB31F14E7C01A00F0119F /* CoreGraphics.framework */; };
		A59FB32614E7C01A00F0119F /* InfoPlist.strings in Resources */ = {isa = PBXBuildFile; fileRef = A59FB32414E7C01A00F0119F /* InfoPlist.strings */; };
		A59FB32814E7C01A00F0119F /* main.m in Sources */ = {isa = PBXBuildFile; fileRef = A59FB32714E7C01A00F0119F /* main.m */; };
		A59FB32C14E7C01A00F0119F /* AppDelegate.m in Sources */ = {isa = PBXBuildFile; fileRef = A59FB32B14E7C01A00F0119F /* AppDelegate.m */; };
		A59FB32F14E7C01A00F0119F /* MainViewController.m in Sources */ = {isa = PBXBuildFile; fileRef = A59FB32E14E7C01A00F0119F /* MainViewController.m */; };
		A59FB33214E7C01A00F0119F /* FlipsideViewController.m in Sources */ = {isa = PBXBuildFile; fileRef = A59FB33114E7C01A00F0119F /* FlipsideViewController.m */; };
		A59FB33514E7C01A00F0119F /* MainViewController_iPhone.xib in Resources */ = {isa = PBXBuildFile; fileRef = A59FB33314E7C01A00F0119F /* MainViewController_iPhone.xib */; };
		A59FB33814E7C01A00F0119F /* MainViewController_iPad.xib in Resources */ = {isa = PBXBuildFile; fileRef = A59FB33614E7C01A00F0119F /* MainViewController_iPad.xib */; };
		A59FB33B14E7C01A00F0119F /* FlipsideViewController.xib in Resources */ = {isa = PBXBuildFile; fileRef = A59FB33914E7C01A00F0119F /* FlipsideViewController.xib */; };
		A5C08DE214E7D3AB0003DFF5 /* NSObject+SBJson.m in Sources */ = {isa = PBXBuildFile; fileRef = A5C08DCA14E7D3AB0003DFF5 /* NSObject+SBJson.m */; };
		A5C08DE314E7D3AB0003DFF5 /* SBJsonParser.m in Sources */ = {isa = PBXBuildFile; fileRef = A5C08DCD14E7D3AB0003DFF5 /* SBJsonParser.m */; };
		A5C08DE414E7D3AB0003DFF5 /* SBJsonStreamParser.m in Sources */ = {isa = PBXBuildFile; fileRef = A5C08DCF14E7D3AB0003DFF5 /* SBJsonStreamParser.m */; };
		A5C08DE514E7D3AB0003DFF5 /* SBJsonStreamParserAccumulator.m in Sources */ = {isa = PBXBuildFile; fileRef = A5C08DD114E7D3AB0003DFF5 /* SBJsonStreamParserAccumulator.m */; };
		A5C08DE614E7D3AB0003DFF5 /* SBJsonStreamParserAdapter.m in Sources */ = {isa = PBXBuildFile; fileRef = A5C08DD314E7D3AB0003DFF5 /* SBJsonStreamParserAdapter.m */; };
		A5C08DE714E7D3AB0003DFF5 /* SBJsonStreamParserState.m in Sources */ = {isa = PBXBuildFile; fileRef = A5C08DD514E7D3AB0003DFF5 /* SBJsonStreamParserState.m */; };
		A5C08DE814E7D3AB0003DFF5 /* SBJsonStreamWriter.m in Sources */ = {isa = PBXBuildFile; fileRef = A5C08DD714E7D3AB0003DFF5 /* SBJsonStreamWriter.m */; };
		A5C08DE914E7D3AB0003DFF5 /* SBJsonStreamWriterAccumulator.m in Sources */ = {isa = PBXBuildFile; fileRef = A5C08DD914E7D3AB0003DFF5 /* SBJsonStreamWriterAccumulator.m */; };
		A5C08DEA14E7D3AB0003DFF5 /* SBJsonStreamWriterState.m in Sources */ = {isa = PBXBuildFile; fileRef = A5C08DDB14E7D3AB0003DFF5 /* SBJsonStreamWriterState.m */; };
		A5C08DEB14E7D3AB0003DFF5 /* SBJsonTokeniser.m in Sources */ = {isa = PBXBuildFile; fileRef = A5C08DDD14E7D3AB0003DFF5 /* SBJsonTokeniser.m */; };
		A5C08DEC14E7D3AB0003DFF5 /* SBJsonUTF8Stream.m in Sources */ = {isa = PBXBuildFile; fileRef = A5C08DDF14E7D3AB0003DFF5 /* SBJsonUTF8Stream.m */; };
		A5C08DED14E7D3AB0003DFF5 /* SBJsonWriter.m in Sources */ = {isa = PBXBuildFile; fileRef = A5C08DE114E7D3AB0003DFF5 /* SBJsonWriter.m */; };
/* End PBXBuildFile section */

/* Begin PBXFileReference section */
		A55BBE2C14E7C8B500AA43CA /* logo.png */ = {isa = PBXFileReference; lastKnownFileType = image.png; name = logo.png; path = Resources/logo.png; sourceTree = "<group>"; };
		A59FB31714E7C01900F0119F /* Snippt.app */ = {isa = PBXFileReference; explicitFileType = wrapper.application; includeInIndex = 0; path = Snippt.app; sourceTree = BUILT_PRODUCTS_DIR; };
		A59FB31B14E7C01A00F0119F /* UIKit.framework */ = {isa = PBXFileReference; lastKnownFileType = wrapper.framework; name = UIKit.framework; path = System/Library/Frameworks/UIKit.framework; sourceTree = SDKROOT; };
		A59FB31D14E7C01A00F0119F /* Foundation.framework */ = {isa = PBXFileReference; lastKnownFileType = wrapper.framework; name = Foundation.framework; path = System/Library/Frameworks/Foundation.framework; sourceTree = SDKROOT; };
		A59FB31F14E7C01A00F0119F /* CoreGraphics.framework */ = {isa = PBXFileReference; lastKnownFileType = wrapper.framework; name = CoreGraphics.framework; path = System/Library/Frameworks/CoreGraphics.framework; sourceTree = SDKROOT; };
		A59FB32314E7C01A00F0119F /* Snippt-Info.plist */ = {isa = PBXFileReference; lastKnownFileType = text.plist.xml; path = "Snippt-Info.plist"; sourceTree = "<group>"; };
		A59FB32514E7C01A00F0119F /* en */ = {isa = PBXFileReference; lastKnownFileType = text.plist.strings; name = en; path = en.lproj/InfoPlist.strings; sourceTree = "<group>"; };
		A59FB32714E7C01A00F0119F /* main.m */ = {isa = PBXFileReference; lastKnownFileType = sourcecode.c.objc; path = main.m; sourceTree = "<group>"; };
		A59FB32914E7C01A00F0119F /* Snippt-Prefix.pch */ = {isa = PBXFileReference; lastKnownFileType = sourcecode.c.h; path = "Snippt-Prefix.pch"; sourceTree = "<group>"; };
		A59FB32A14E7C01A00F0119F /* AppDelegate.h */ = {isa = PBXFileReference; lastKnownFileType = sourcecode.c.h; path = AppDelegate.h; sourceTree = "<group>"; };
		A59FB32B14E7C01A00F0119F /* AppDelegate.m */ = {isa = PBXFileReference; lastKnownFileType = sourcecode.c.objc; path = AppDelegate.m; sourceTree = "<group>"; };
		A59FB32D14E7C01A00F0119F /* MainViewController.h */ = {isa = PBXFileReference; lastKnownFileType = sourcecode.c.h; path = MainViewController.h; sourceTree = "<group>"; };
		A59FB32E14E7C01A00F0119F /* MainViewController.m */ = {isa = PBXFileReference; lastKnownFileType = sourcecode.c.objc; path = MainViewController.m; sourceTree = "<group>"; };
		A59FB33014E7C01A00F0119F /* FlipsideViewController.h */ = {isa = PBXFileReference; lastKnownFileType = sourcecode.c.h; path = FlipsideViewController.h; sourceTree = "<group>"; };
		A59FB33114E7C01A00F0119F /* FlipsideViewController.m */ = {isa = PBXFileReference; lastKnownFileType = sourcecode.c.objc; path = FlipsideViewController.m; sourceTree = "<group>"; };
		A59FB33414E7C01A00F0119F /* en */ = {isa = PBXFileReference; lastKnownFileType = file.xib; name = en; path = en.lproj/MainViewController_iPhone.xib; sourceTree = "<group>"; };
		A59FB33714E7C01A00F0119F /* en */ = {isa = PBXFileReference; lastKnownFileType = file.xib; name = en; path = en.lproj/MainViewController_iPad.xib; sourceTree = "<group>"; };
		A59FB33A14E7C01A00F0119F /* en */ = {isa = PBXFileReference; lastKnownFileType = file.xib; name = en; path = en.lproj/FlipsideViewController.xib; sourceTree = "<group>"; };
		A5C08DC814E7D3AB0003DFF5 /* JSON.h */ = {isa = PBXFileReference; fileEncoding = 4; lastKnownFileType = sourcecode.c.h; name = JSON.h; path = "External/json-framework/JSON.h"; sourceTree = "<group>"; };
		A5C08DC914E7D3AB0003DFF5 /* NSObject+SBJson.h */ = {isa = PBXFileReference; fileEncoding = 4; lastKnownFileType = sourcecode.c.h; name = "NSObject+SBJson.h"; path = "External/json-framework/NSObject+SBJson.h"; sourceTree = "<group>"; };
		A5C08DCA14E7D3AB0003DFF5 /* NSObject+SBJson.m */ = {isa = PBXFileReference; fileEncoding = 4; lastKnownFileType = sourcecode.c.objc; name = "NSObject+SBJson.m"; path = "External/json-framework/NSObject+SBJson.m"; sourceTree = "<group>"; };
		A5C08DCB14E7D3AB0003DFF5 /* SBJson.h */ = {isa = PBXFileReference; fileEncoding = 4; lastKnownFileType = sourcecode.c.h; name = SBJson.h; path = "External/json-framework/SBJson.h"; sourceTree = "<group>"; };
		A5C08DCC14E7D3AB0003DFF5 /* SBJsonParser.h */ = {isa = PBXFileReference; fileEncoding = 4; lastKnownFileType = sourcecode.c.h; name = SBJsonParser.h; path = "External/json-framework/SBJsonParser.h"; sourceTree = "<group>"; };
		A5C08DCD14E7D3AB0003DFF5 /* SBJsonParser.m */ = {isa = PBXFileReference; fileEncoding = 4; lastKnownFileType = sourcecode.c.objc; name = SBJsonParser.m; path = "External/json-framework/SBJsonParser.m"; sourceTree = "<group>"; };
		A5C08DCE14E7D3AB0003DFF5 /* SBJsonStreamParser.h */ = {isa = PBXFileReference; fileEncoding = 4; lastKnownFileType = sourcecode.c.h; name = SBJsonStreamParser.h; path = "External/json-framework/SBJsonStreamParser.h"; sourceTree = "<group>"; };
		A5C08DCF14E7D3AB0003DFF5 /* SBJsonStreamParser.m */ = {isa = PBXFileReference; fileEncoding = 4; lastKnownFileType = sourcecode.c.objc; name = SBJsonStreamParser.m; path = "External/json-framework/SBJsonStreamParser.m"; sourceTree = "<group>"; };
		A5C08DD014E7D3AB0003DFF5 /* SBJsonStreamParserAccumulator.h */ = {isa = PBXFileReference; fileEncoding = 4; lastKnownFileType = sourcecode.c.h; name = SBJsonStreamParserAccumulator.h; path = "External/json-framework/SBJsonStreamParserAccumulator.h"; sourceTree = "<group>"; };
		A5C08DD114E7D3AB0003DFF5 /* SBJsonStreamParserAccumulator.m */ = {isa = PBXFileReference; fileEncoding = 4; lastKnownFileType = sourcecode.c.objc; name = SBJsonStreamParserAccumulator.m; path = "External/json-framework/SBJsonStreamParserAccumulator.m"; sourceTree = "<group>"; };
		A5C08DD214E7D3AB0003DFF5 /* SBJsonStreamParserAdapter.h */ = {isa = PBXFileReference; fileEncoding = 4; lastKnownFileType = sourcecode.c.h; name = SBJsonStreamParserAdapter.h; path = "External/json-framework/SBJsonStreamParserAdapter.h"; sourceTree = "<group>"; };
		A5C08DD314E7D3AB0003DFF5 /* SBJsonStreamParserAdapter.m */ = {isa = PBXFileReference; fileEncoding = 4; lastKnownFileType = sourcecode.c.objc; name = SBJsonStreamParserAdapter.m; path = "External/json-framework/SBJsonStreamParserAdapter.m"; sourceTree = "<group>"; };
		A5C08DD414E7D3AB0003DFF5 /* SBJsonStreamParserState.h */ = {isa = PBXFileReference; fileEncoding = 4; lastKnownFileType = sourcecode.c.h; name = SBJsonStreamParserState.h; path = "External/json-framework/SBJsonStreamParserState.h"; sourceTree = "<group>"; };
		A5C08DD514E7D3AB0003DFF5 /* SBJsonStreamParserState.m */ = {isa = PBXFileReference; fileEncoding = 4; lastKnownFileType = sourcecode.c.objc; name = SBJsonStreamParserState.m; path = "External/json-framework/SBJsonStreamParserState.m"; sourceTree = "<group>"; };
		A5C08DD614E7D3AB0003DFF5 /* SBJsonStreamWriter.h */ = {isa = PBXFileReference; fileEncoding = 4; lastKnownFileType = sourcecode.c.h; name = SBJsonStreamWriter.h; path = "External/json-framework/SBJsonStreamWriter.h"; sourceTree = "<group>"; };
		A5C08DD714E7D3AB0003DFF5 /* SBJsonStreamWriter.m */ = {isa = PBXFileReference; fileEncoding = 4; lastKnownFileType = sourcecode.c.objc; name = SBJsonStreamWriter.m; path = "External/json-framework/SBJsonStreamWriter.m"; sourceTree = "<group>"; };
		A5C08DD814E7D3AB0003DFF5 /* SBJsonStreamWriterAccumulator.h */ = {isa = PBXFileReference; fileEncoding = 4; lastKnownFileType = sourcecode.c.h; name = SBJsonStreamWriterAccumulator.h; path = "External/json-framework/SBJsonStreamWriterAccumulator.h"; sourceTree = "<group>"; };
		A5C08DD914E7D3AB0003DFF5 /* SBJsonStreamWriterAccumulator.m */ = {isa = PBXFileReference; fileEncoding = 4; lastKnownFileType = sourcecode.c.objc; name = SBJsonStreamWriterAccumulator.m; path = "External/json-framework/SBJsonStreamWriterAccumulator.m"; sourceTree = "<group>"; };
		A5C08DDA14E7D3AB0003DFF5 /* SBJsonStreamWriterState.h */ = {isa = PBXFileReference; fileEncoding = 4; lastKnownFileType = sourcecode.c.h; name = SBJsonStreamWriterState.h; path = "External/json-framework/SBJsonStreamWriterState.h"; sourceTree = "<group>"; };
		A5C08DDB14E7D3AB0003DFF5 /* SBJsonStreamWriterState.m */ = {isa = PBXFileReference; fileEncoding = 4; lastKnownFileType = sourcecode.c.objc; name = SBJsonStreamWriterState.m; path = "External/json-framework/SBJsonStreamWriterState.m"; sourceTree = "<group>"; };
		A5C08DDC14E7D3AB0003DFF5 /* SBJsonTokeniser.h */ = {isa = PBXFileReference; fileEncoding = 4; lastKnownFileType = sourcecode.c.h; name = SBJsonTokeniser.h; path = "External/json-framework/SBJsonTokeniser.h"; sourceTree = "<group>"; };
		A5C08DDD14E7D3AB0003DFF5 /* SBJsonTokeniser.m */ = {isa = PBXFileReference; fileEncoding = 4; lastKnownFileType = sourcecode.c.objc; name = SBJsonTokeniser.m; path = "External/json-framework/SBJsonTokeniser.m"; sourceTree = "<group>"; };
		A5C08DDE14E7D3AB0003DFF5 /* SBJsonUTF8Stream.h */ = {isa = PBXFileReference; fileEncoding = 4; lastKnownFileType = sourcecode.c.h; name = SBJsonUTF8Stream.h; path = "External/json-framework/SBJsonUTF8Stream.h"; sourceTree = "<group>"; };
		A5C08DDF14E7D3AB0003DFF5 /* SBJsonUTF8Stream.m */ = {isa = PBXFileReference; fileEncoding = 4; lastKnownFileType = sourcecode.c.objc; name = SBJsonUTF8Stream.m; path = "External/json-framework/SBJsonUTF8Stream.m"; sourceTree = "<group>"; };
		A5C08DE014E7D3AB0003DFF5 /* SBJsonWriter.h */ = {isa = PBXFileReference; fileEncoding = 4; lastKnownFileType = sourcecode.c.h; name = SBJsonWriter.h; path = "External/json-framework/SBJsonWriter.h"; sourceTree = "<group>"; };
		A5C08DE114E7D3AB0003DFF5 /* SBJsonWriter.m */ = {isa = PBXFileReference; fileEncoding = 4; lastKnownFileType = sourcecode.c.objc; name = SBJsonWriter.m; path = "External/json-framework/SBJsonWriter.m"; sourceTree = "<group>"; };
/* End PBXFileReference section */

/* Begin PBXFrameworksBuildPhase section */
		A59FB31414E7C01900F0119F /* Frameworks */ = {
			isa = PBXFrameworksBuildPhase;
			buildActionMask = 2147483647;
			files = (
				A59FB31C14E7C01A00F0119F /* UIKit.framework in Frameworks */,
				A59FB31E14E7C01A00F0119F /* Foundation.framework in Frameworks */,
				A59FB32014E7C01A00F0119F /* CoreGraphics.framework in Frameworks */,
			);
			runOnlyForDeploymentPostprocessing = 0;
		};
/* End PBXFrameworksBuildPhase section */

/* Begin PBXGroup section */
		A59FB30C14E7C01900F0119F = {
			isa = PBXGroup;
			children = (
				A59FB32114E7C01A00F0119F /* Snippt */,
				A59FB31A14E7C01900F0119F /* Frameworks */,
				A59FB31814E7C01900F0119F /* Products */,
			);
			sourceTree = "<group>";
		};
		A59FB31814E7C01900F0119F /* Products */ = {
			isa = PBXGroup;
			children = (
				A59FB31714E7C01900F0119F /* Snippt.app */,
			);
			name = Products;
			sourceTree = "<group>";
		};
		A59FB31A14E7C01900F0119F /* Frameworks */ = {
			isa = PBXGroup;
			children = (
				A59FB31B14E7C01A00F0119F /* UIKit.framework */,
				A59FB31D14E7C01A00F0119F /* Foundation.framework */,
				A59FB31F14E7C01A00F0119F /* CoreGraphics.framework */,
			);
			name = Frameworks;
			sourceTree = "<group>";
		};
		A59FB32114E7C01A00F0119F /* Snippt */ = {
			isa = PBXGroup;
			children = (
				A59FB32A14E7C01A00F0119F /* AppDelegate.h */,
				A59FB32B14E7C01A00F0119F /* AppDelegate.m */,
				A59FB32D14E7C01A00F0119F /* MainViewController.h */,
				A59FB32E14E7C01A00F0119F /* MainViewController.m */,
				A59FB33014E7C01A00F0119F /* FlipsideViewController.h */,
				A59FB33114E7C01A00F0119F /* FlipsideViewController.m */,
				A59FB33314E7C01A00F0119F /* MainViewController_iPhone.xib */,
				A59FB33614E7C01A00F0119F /* MainViewController_iPad.xib */,
				A59FB33914E7C01A00F0119F /* FlipsideViewController.xib */,
				A59FB32214E7C01A00F0119F /* Supporting Files */,
				A59FB34114E7C72D00F0119F /* Resources */,
				A5C08DC614E7D3400003DFF5 /* External */,
			);
			path = Snippt;
			sourceTree = "<group>";
		};
		A59FB32214E7C01A00F0119F /* Supporting Files */ = {
			isa = PBXGroup;
			children = (
				A59FB32314E7C01A00F0119F /* Snippt-Info.plist */,
				A59FB32414E7C01A00F0119F /* InfoPlist.strings */,
				A59FB32714E7C01A00F0119F /* main.m */,
				A59FB32914E7C01A00F0119F /* Snippt-Prefix.pch */,
			);
			name = "Supporting Files";
			sourceTree = "<group>";
		};
		A59FB34114E7C72D00F0119F /* Resources */ = {
			isa = PBXGroup;
			children = (
				A55BBE2C14E7C8B500AA43CA /* logo.png */,
			);
			name = Resources;
			sourceTree = "<group>";
		};
		A5C08DC614E7D3400003DFF5 /* External */ = {
			isa = PBXGroup;
			children = (
				A5C08DC714E7D3810003DFF5 /* json-framework */,
			);
			name = External;
			sourceTree = "<group>";
		};
		A5C08DC714E7D3810003DFF5 /* json-framework */ = {
			isa = PBXGroup;
			children = (
				A5C08DC814E7D3AB0003DFF5 /* JSON.h */,
				A5C08DC914E7D3AB0003DFF5 /* NSObject+SBJson.h */,
				A5C08DCA14E7D3AB0003DFF5 /* NSObject+SBJson.m */,
				A5C08DCB14E7D3AB0003DFF5 /* SBJson.h */,
				A5C08DCC14E7D3AB0003DFF5 /* SBJsonParser.h */,
				A5C08DCD14E7D3AB0003DFF5 /* SBJsonParser.m */,
				A5C08DCE14E7D3AB0003DFF5 /* SBJsonStreamParser.h */,
				A5C08DCF14E7D3AB0003DFF5 /* SBJsonStreamParser.m */,
				A5C08DD014E7D3AB0003DFF5 /* SBJsonStreamParserAccumulator.h */,
				A5C08DD114E7D3AB0003DFF5 /* SBJsonStreamParserAccumulator.m */,
				A5C08DD214E7D3AB0003DFF5 /* SBJsonStreamParserAdapter.h */,
				A5C08DD314E7D3AB0003DFF5 /* SBJsonStreamParserAdapter.m */,
				A5C08DD414E7D3AB0003DFF5 /* SBJsonStreamParserState.h */,
				A5C08DD514E7D3AB0003DFF5 /* SBJsonStreamParserState.m */,
				A5C08DD614E7D3AB0003DFF5 /* SBJsonStreamWriter.h */,
				A5C08DD714E7D3AB0003DFF5 /* SBJsonStreamWriter.m */,
				A5C08DD814E7D3AB0003DFF5 /* SBJsonStreamWriterAccumulator.h */,
				A5C08DD914E7D3AB0003DFF5 /* SBJsonStreamWriterAccumulator.m */,
				A5C08DDA14E7D3AB0003DFF5 /* SBJsonStreamWriterState.h */,
				A5C08DDB14E7D3AB0003DFF5 /* SBJsonStreamWriterState.m */,
				A5C08DDC14E7D3AB0003DFF5 /* SBJsonTokeniser.h */,
				A5C08DDD14E7D3AB0003DFF5 /* SBJsonTokeniser.m */,
				A5C08DDE14E7D3AB0003DFF5 /* SBJsonUTF8Stream.h */,
				A5C08DDF14E7D3AB0003DFF5 /* SBJsonUTF8Stream.m */,
				A5C08DE014E7D3AB0003DFF5 /* SBJsonWriter.h */,
				A5C08DE114E7D3AB0003DFF5 /* SBJsonWriter.m */,
			);
			name = "json-framework";
			sourceTree = "<group>";
		};
/* End PBXGroup section */

/* Begin PBXNativeTarget section */
		A59FB31614E7C01900F0119F /* Snippt */ = {
			isa = PBXNativeTarget;
			buildConfigurationList = A59FB33E14E7C01A00F0119F /* Build configuration list for PBXNativeTarget "Snippt" */;
			buildPhases = (
				A59FB31314E7C01900F0119F /* Sources */,
				A59FB31414E7C01900F0119F /* Frameworks */,
				A59FB31514E7C01900F0119F /* Resources */,
			);
			buildRules = (
			);
			dependencies = (
			);
			name = Snippt;
			productName = Snippt;
			productReference = A59FB31714E7C01900F0119F /* Snippt.app */;
			productType = "com.apple.product-type.application";
		};
/* End PBXNativeTarget section */

/* Begin PBXProject section */
		A59FB30E14E7C01900F0119F /* Project object */ = {
			isa = PBXProject;
			attributes = {
				LastUpgradeCheck = 0420;
			};
			buildConfigurationList = A59FB31114E7C01900F0119F /* Build configuration list for PBXProject "Snippt" */;
			compatibilityVersion = "Xcode 3.2";
			developmentRegion = English;
			hasScannedForEncodings = 0;
			knownRegions = (
				en,
			);
			mainGroup = A59FB30C14E7C01900F0119F;
			productRefGroup = A59FB31814E7C01900F0119F /* Products */;
			projectDirPath = "";
			projectRoot = "";
			targets = (
				A59FB31614E7C01900F0119F /* Snippt */,
			);
		};
/* End PBXProject section */

/* Begin PBXResourcesBuildPhase section */
		A59FB31514E7C01900F0119F /* Resources */ = {
			isa = PBXResourcesBuildPhase;
			buildActionMask = 2147483647;
			files = (
				A59FB32614E7C01A00F0119F /* InfoPlist.strings in Resources */,
				A59FB33514E7C01A00F0119F /* MainViewController_iPhone.xib in Resources */,
				A59FB33814E7C01A00F0119F /* MainViewController_iPad.xib in Resources */,
				A59FB33B14E7C01A00F0119F /* FlipsideViewController.xib in Resources */,
				A55BBE2D14E7C8B500AA43CA /* logo.png in Resources */,
			);
			runOnlyForDeploymentPostprocessing = 0;
		};
/* End PBXResourcesBuildPhase section */

/* Begin PBXSourcesBuildPhase section */
		A59FB31314E7C01900F0119F /* Sources */ = {
			isa = PBXSourcesBuildPhase;
			buildActionMask = 2147483647;
			files = (
				A59FB32814E7C01A00F0119F /* main.m in Sources */,
				A59FB32C14E7C01A00F0119F /* AppDelegate.m in Sources */,
				A59FB32F14E7C01A00F0119F /* MainViewController.m in Sources */,
				A59FB33214E7C01A00F0119F /* FlipsideViewController.m in Sources */,
				A5C08DE214E7D3AB0003DFF5 /* NSObject+SBJson.m in Sources */,
				A5C08DE314E7D3AB0003DFF5 /* SBJsonParser.m in Sources */,
				A5C08DE414E7D3AB0003DFF5 /* SBJsonStreamParser.m in Sources */,
				A5C08DE514E7D3AB0003DFF5 /* SBJsonStreamParserAccumulator.m in Sources */,
				A5C08DE614E7D3AB0003DFF5 /* SBJsonStreamParserAdapter.m in Sources */,
				A5C08DE714E7D3AB0003DFF5 /* SBJsonStreamParserState.m in Sources */,
				A5C08DE814E7D3AB0003DFF5 /* SBJsonStreamWriter.m in Sources */,
				A5C08DE914E7D3AB0003DFF5 /* SBJsonStreamWriterAccumulator.m in Sources */,
				A5C08DEA14E7D3AB0003DFF5 /* SBJsonStreamWriterState.m in Sources */,
				A5C08DEB14E7D3AB0003DFF5 /* SBJsonTokeniser.m in Sources */,
				A5C08DEC14E7D3AB0003DFF5 /* SBJsonUTF8Stream.m in Sources */,
				A5C08DED14E7D3AB0003DFF5 /* SBJsonWriter.m in Sources */,
			);
			runOnlyForDeploymentPostprocessing = 0;
		};
/* End PBXSourcesBuildPhase section */

/* Begin PBXVariantGroup section */
		A59FB32414E7C01A00F0119F /* InfoPlist.strings */ = {
			isa = PBXVariantGroup;
			children = (
				A59FB32514E7C01A00F0119F /* en */,
			);
			name = InfoPlist.strings;
			sourceTree = "<group>";
		};
		A59FB33314E7C01A00F0119F /* MainViewController_iPhone.xib */ = {
			isa = PBXVariantGroup;
			children = (
				A59FB33414E7C01A00F0119F /* en */,
			);
			name = MainViewController_iPhone.xib;
			sourceTree = "<group>";
		};
		A59FB33614E7C01A00F0119F /* MainViewController_iPad.xib */ = {
			isa = PBXVariantGroup;
			children = (
				A59FB33714E7C01A00F0119F /* en */,
			);
			name = MainViewController_iPad.xib;
			sourceTree = "<group>";
		};
		A59FB33914E7C01A00F0119F /* FlipsideViewController.xib */ = {
			isa = PBXVariantGroup;
			children = (
				A59FB33A14E7C01A00F0119F /* en */,
			);
			name = FlipsideViewController.xib;
			sourceTree = "<group>";
		};
/* End PBXVariantGroup section */

/* Begin XCBuildConfiguration section */
		A59FB33C14E7C01A00F0119F /* Debug */ = {
			isa = XCBuildConfiguration;
			buildSettings = {
				ALWAYS_SEARCH_USER_PATHS = NO;
				ARCHS = "$(ARCHS_STANDARD_32_BIT)";
				CLANG_ENABLE_OBJC_ARC = YES;
				"CODE_SIGN_IDENTITY[sdk=iphoneos*]" = "iPhone Developer";
				COPY_PHASE_STRIP = NO;
				GCC_C_LANGUAGE_STANDARD = gnu99;
				GCC_DYNAMIC_NO_PIC = NO;
				GCC_OPTIMIZATION_LEVEL = 0;
				GCC_PREPROCESSOR_DEFINITIONS = (
					"DEBUG=1",
					"$(inherited)",
				);
				GCC_SYMBOLS_PRIVATE_EXTERN = NO;
				GCC_VERSION = com.apple.compilers.llvm.clang.1_0;
				GCC_WARN_ABOUT_MISSING_PROTOTYPES = YES;
				GCC_WARN_ABOUT_RETURN_TYPE = YES;
				GCC_WARN_UNUSED_VARIABLE = YES;
				IPHONEOS_DEPLOYMENT_TARGET = 5.0;
				SDKROOT = iphoneos;
				TARGETED_DEVICE_FAMILY = "1,2";
			};
			name = Debug;
		};
		A59FB33D14E7C01A00F0119F /* Release */ = {
			isa = XCBuildConfiguration;
			buildSettings = {
				ALWAYS_SEARCH_USER_PATHS = NO;
				ARCHS = "$(ARCHS_STANDARD_32_BIT)";
				CLANG_ENABLE_OBJC_ARC = YES;
				"CODE_SIGN_IDENTITY[sdk=iphoneos*]" = "iPhone Developer";
				COPY_PHASE_STRIP = YES;
				GCC_C_LANGUAGE_STANDARD = gnu99;
				GCC_VERSION = com.apple.compilers.llvm.clang.1_0;
				GCC_WARN_ABOUT_MISSING_PROTOTYPES = YES;
				GCC_WARN_ABOUT_RETURN_TYPE = YES;
				GCC_WARN_UNUSED_VARIABLE = YES;
				IPHONEOS_DEPLOYMENT_TARGET = 5.0;
				OTHER_CFLAGS = "-DNS_BLOCK_ASSERTIONS=1";
				SDKROOT = iphoneos;
				TARGETED_DEVICE_FAMILY = "1,2";
				VALIDATE_PRODUCT = YES;
			};
			name = Release;
		};
		A59FB33F14E7C01A00F0119F /* Debug */ = {
			isa = XCBuildConfiguration;
			buildSettings = {
				CLANG_ENABLE_OBJC_ARC = NO;
				GCC_ENABLE_OBJC_GC = unsupported;
				GCC_PRECOMPILE_PREFIX_HEADER = YES;
				GCC_PREFIX_HEADER = "Snippt/Snippt-Prefix.pch";
				INFOPLIST_FILE = "Snippt/Snippt-Info.plist";
				IPHONEOS_DEPLOYMENT_TARGET = 4.2;
				PRODUCT_NAME = "$(TARGET_NAME)";
				TARGETED_DEVICE_FAMILY = "1,2";
				WRAPPER_EXTENSION = app;
			};
			name = Debug;
		};
		A59FB34014E7C01A00F0119F /* Release */ = {
			isa = XCBuildConfiguration;
			buildSettings = {
				CLANG_ENABLE_OBJC_ARC = NO;
				GCC_ENABLE_OBJC_GC = unsupported;
				GCC_PRECOMPILE_PREFIX_HEADER = YES;
				GCC_PREFIX_HEADER = "Snippt/Snippt-Prefix.pch";
				INFOPLIST_FILE = "Snippt/Snippt-Info.plist";
				IPHONEOS_DEPLOYMENT_TARGET = 4.2;
				PRODUCT_NAME = "$(TARGET_NAME)";
				TARGETED_DEVICE_FAMILY = "1,2";
				WRAPPER_EXTENSION = app;
			};
			name = Release;
		};
/* End XCBuildConfiguration section */

/* Begin XCConfigurationList section */
		A59FB31114E7C01900F0119F /* Build configuration list for PBXProject "Snippt" */ = {
			isa = XCConfigurationList;
			buildConfigurations = (
				A59FB33C14E7C01A00F0119F /* Debug */,
				A59FB33D14E7C01A00F0119F /* Release */,
			);
			defaultConfigurationIsVisible = 0;
			defaultConfigurationName = Release;
		};
		A59FB33E14E7C01A00F0119F /* Build configuration list for PBXNativeTarget "Snippt" */ = {
			isa = XCConfigurationList;
			buildConfigurations = (
				A59FB33F14E7C01A00F0119F /* Debug */,
				A59FB34014E7C01A00F0119F /* Release */,
			);
			defaultConfigurationIsVisible = 0;
			defaultConfigurationName = Release;
		};
/* End XCConfigurationList section */
	};
	rootObject = A59FB30E14E7C01900F0119F /* Project object */;
}
